
Microsoft Visual Studio Solution File, Format Version 12.00
# Visual Studio Version 16
VisualStudioVersion = 16.0.31702.278
MinimumVisualStudioVersion = 10.0.40219.1
Project("{FAE04EC0-301F-11D3-BF4B-00C04F79EFBC}") = "SimulatorCar", "SimulatorCar\SimulatorCar.csproj", "{C95B3E96-A154-4351-9B81-19DF69E58549}"
EndProject
Global
	GlobalSection(SolutionConfigurationPlatforms) = preSolution
		Debug|Any CPU = Debug|Any CPU
		Release|Any CPU = Release|Any CPU
	EndGlobalSection
	GlobalSection(ProjectConfigurationPlatforms) = postSolution
		{C95B3E96-A154-4351-9B81-19DF69E58549}.Debug|Any CPU.ActiveCfg = Debug|Any CPU
		{C95B3E96-A154-4351-9B81-19DF69E58549}.Debug|Any CPU.Build.0 = Debug|Any CPU
		{C95B3E96-A154-4351-9B81-19DF69E58549}.Release|Any CPU.ActiveCfg = Release|Any CPU
		{C95B3E96-A154-4351-9B81-19DF69E58549}.Release|Any CPU.Build.0 = Release|Any CPU
	EndGlobalSection
	GlobalSection(SolutionProperties) = preSolution
		HideSolutionNode = FALSE
	EndGlobalSection
	GlobalSection(ExtensibilityGlobals) = postSolution
		SolutionGuid = {1E2D3532-A264-4AAF-A5C7-A80061278EB2}
	EndGlobalSection
EndGlobal
